
Microsoft Visual Studio Solution File, Format Version 12.00
# Visual Studio Version 17
VisualStudioVersion = 17.7.34221.43
MinimumVisualStudioVersion = 10.0.40219.1
Project("{FAE04EC0-301F-11D3-BF4B-00C04F79EFBC}") = "Task3", "Task3\Task3.csproj", "{9EFB1A49-BDE2-4127-93F6-BFA5F87FBEBE}"
EndProject
Global
	GlobalSection(SolutionConfigurationPlatforms) = preSolution
		Debug|Any CPU = Debug|Any CPU
		Release|Any CPU = Release|Any CPU
	EndGlobalSection
	GlobalSection(ProjectConfigurationPlatforms) = postSolution
		{9EFB1A49-BDE2-4127-93F6-BFA5F87FBEBE}.Debug|Any CPU.ActiveCfg = Debug|Any CPU
		{9EFB1A49-BDE2-4127-93F6-BFA5F87FBEBE}.Debug|Any CPU.Build.0 = Debug|Any CPU
		{9EFB1A49-BDE2-4127-93F6-BFA5F87FBEBE}.Release|Any CPU.ActiveCfg = Release|Any CPU
		{9EFB1A49-BDE2-4127-93F6-BFA5F87FBEBE}.Release|Any CPU.Build.0 = Release|Any CPU
	EndGlobalSection
	GlobalSection(SolutionProperties) = preSolution
		HideSolutionNode = FALSE
	EndGlobalSection
	GlobalSection(ExtensibilityGlobals) = postSolution
		SolutionGuid = {AE2DE061-43E3-46B2-9CD2-D26FCAE24C69}
	EndGlobalSection
EndGlobal
